// !$*UTF8*$!
{
	archiveVersion = 1;
	classes = {
	};
	objectVersion = 50;
	objects = {

/* Begin PBXBuildFile section */
		539AC69D22A0377B0055B1E0 /* AppDelegate.swift in Sources */ = {isa = PBXBuildFile; fileRef = 539AC69C22A0377B0055B1E0 /* AppDelegate.swift */; };
		539AC69F22A0377B0055B1E0 /* ViewController.swift in Sources */ = {isa = PBXBuildFile; fileRef = 539AC69E22A0377B0055B1E0 /* ViewController.swift */; };
		539AC6A122A0377D0055B1E0 /* Assets.xcassets in Resources */ = {isa = PBXBuildFile; fileRef = 539AC6A022A0377D0055B1E0 /* Assets.xcassets */; };
		539AC6A422A0377D0055B1E0 /* Main.storyboard in Resources */ = {isa = PBXBuildFile; fileRef = 539AC6A222A0377D0055B1E0 /* Main.storyboard */; };
		539AC6AD22A03A110055B1E0 /* MapKit.framework in Frameworks */ = {isa = PBXBuildFile; fileRef = 539AC6AC22A03A110055B1E0 /* MapKit.framework */; };
		539AC6AF22A03B4B0055B1E0 /* WebsocketClient.swift in Sources */ = {isa = PBXBuildFile; fileRef = 539AC6AE22A03B4B0055B1E0 /* WebsocketClient.swift */; };
		539AC8A122A03D900055B1E0 /* Person.swift in Sources */ = {isa = PBXBuildFile; fileRef = 539AC8A022A03D8F0055B1E0 /* Person.swift */; };
		FB43C26A70E1E11E761AD8FB /* Pods_kitura_safe_lab_dashboard.framework in Frameworks */ = {isa = PBXBuildFile; fileRef = 9F1B5BDBBBB384A487999E87 /* Pods_kitura_safe_lab_dashboard.framework */; };
/* End PBXBuildFile section */

/* Begin PBXFileReference section */
		31163DD410A3910B0E0F0DA7 /* Pods-kitura-safe-lab-dashboard.debug.xcconfig */ = {isa = PBXFileReference; includeInIndex = 1; lastKnownFileType = text.xcconfig; name = "Pods-kitura-safe-lab-dashboard.debug.xcconfig"; path = "Target Support Files/Pods-kitura-safe-lab-dashboard/Pods-kitura-safe-lab-dashboard.debug.xcconfig"; sourceTree = "<group>"; };
		358E200A9348EEA3DEC410EC /* Pods-kitura-safe-lab-dashboard.release.xcconfig */ = {isa = PBXFileReference; includeInIndex = 1; lastKnownFileType = text.xcconfig; name = "Pods-kitura-safe-lab-dashboard.release.xcconfig"; path = "Target Support Files/Pods-kitura-safe-lab-dashboard/Pods-kitura-safe-lab-dashboard.release.xcconfig"; sourceTree = "<group>"; };
		539AC69922A0377B0055B1E0 /* kitura-safe-lab-dashboard.app */ = {isa = PBXFileReference; explicitFileType = wrapper.application; includeInIndex = 0; path = "kitura-safe-lab-dashboard.app"; sourceTree = BUILT_PRODUCTS_DIR; };
		539AC69C22A0377B0055B1E0 /* AppDelegate.swift */ = {isa = PBXFileReference; lastKnownFileType = sourcecode.swift; path = AppDelegate.swift; sourceTree = "<group>"; };
		539AC69E22A0377B0055B1E0 /* ViewController.swift */ = {isa = PBXFileReference; lastKnownFileType = sourcecode.swift; path = ViewController.swift; sourceTree = "<group>"; };
		539AC6A022A0377D0055B1E0 /* Assets.xcassets */ = {isa = PBXFileReference; lastKnownFileType = folder.assetcatalog; path = Assets.xcassets; sourceTree = "<group>"; };
		539AC6A322A0377D0055B1E0 /* Base */ = {isa = PBXFileReference; lastKnownFileType = file.storyboard; name = Base; path = Base.lproj/Main.storyboard; sourceTree = "<group>"; };
		539AC6A522A0377D0055B1E0 /* Info.plist */ = {isa = PBXFileReference; lastKnownFileType = text.plist.xml; path = Info.plist; sourceTree = "<group>"; };
		539AC6A622A0377D0055B1E0 /* kitura_safe_lab_dashboard.entitlements */ = {isa = PBXFileReference; lastKnownFileType = text.plist.entitlements; path = kitura_safe_lab_dashboard.entitlements; sourceTree = "<group>"; };
		539AC6AC22A03A110055B1E0 /* MapKit.framework */ = {isa = PBXFileReference; lastKnownFileType = wrapper.framework; name = MapKit.framework; path = System/Library/Frameworks/MapKit.framework; sourceTree = SDKROOT; };
		539AC6AE22A03B4B0055B1E0 /* WebsocketClient.swift */ = {isa = PBXFileReference; lastKnownFileType = sourcecode.swift; path = WebsocketClient.swift; sourceTree = "<group>"; };
		539AC8A022A03D8F0055B1E0 /* Person.swift */ = {isa = PBXFileReference; fileEncoding = 4; lastKnownFileType = sourcecode.swift; name = Person.swift; path = "../../Kitura-Safe-Server/Sources/Application/Model/Person.swift"; sourceTree = "<group>"; };
		9F1B5BDBBBB384A487999E87 /* Pods_kitura_safe_lab_dashboard.framework */ = {isa = PBXFileReference; explicitFileType = wrapper.framework; includeInIndex = 0; path = Pods_kitura_safe_lab_dashboard.framework; sourceTree = BUILT_PRODUCTS_DIR; };
/* End PBXFileReference section */

/* Begin PBXFrameworksBuildPhase section */
		539AC69622A0377B0055B1E0 /* Frameworks */ = {
			isa = PBXFrameworksBuildPhase;
			buildActionMask = 2147483647;
			files = (
				539AC6AD22A03A110055B1E0 /* MapKit.framework in Frameworks */,
				FB43C26A70E1E11E761AD8FB /* Pods_kitura_safe_lab_dashboard.framework in Frameworks */,
			);
			runOnlyForDeploymentPostprocessing = 0;
		};
/* End PBXFrameworksBuildPhase section */

/* Begin PBXGroup section */
		539AC69022A0377B0055B1E0 = {
			isa = PBXGroup;
			children = (
				539AC69B22A0377B0055B1E0 /* kitura-safe-lab-dashboard */,
				539AC69A22A0377B0055B1E0 /* Products */,
				CD7F449BCD9FF900F51B8FDC /* Pods */,
				694ADF3E61D3DAD59ECADFEF /* Frameworks */,
			);
			sourceTree = "<group>";
		};
		539AC69A22A0377B0055B1E0 /* Products */ = {
			isa = PBXGroup;
			children = (
				539AC69922A0377B0055B1E0 /* kitura-safe-lab-dashboard.app */,
			);
			name = Products;
			sourceTree = "<group>";
		};
		539AC69B22A0377B0055B1E0 /* kitura-safe-lab-dashboard */ = {
			isa = PBXGroup;
			children = (
				539AC69C22A0377B0055B1E0 /* AppDelegate.swift */,
				539AC69E22A0377B0055B1E0 /* ViewController.swift */,
				539AC6AE22A03B4B0055B1E0 /* WebsocketClient.swift */,
				539AC8A022A03D8F0055B1E0 /* Person.swift */,
				539AC6A022A0377D0055B1E0 /* Assets.xcassets */,
				539AC6A222A0377D0055B1E0 /* Main.storyboard */,
				539AC6A522A0377D0055B1E0 /* Info.plist */,
				539AC6A622A0377D0055B1E0 /* kitura_safe_lab_dashboard.entitlements */,
			);
			path = "kitura-safe-lab-dashboard";
			sourceTree = "<group>";
		};
		694ADF3E61D3DAD59ECADFEF /* Frameworks */ = {
			isa = PBXGroup;
			children = (
				539AC6AC22A03A110055B1E0 /* MapKit.framework */,
				9F1B5BDBBBB384A487999E87 /* Pods_kitura_safe_lab_dashboard.framework */,
			);
			name = Frameworks;
			sourceTree = "<group>";
		};
		CD7F449BCD9FF900F51B8FDC /* Pods */ = {
			isa = PBXGroup;
			children = (
				31163DD410A3910B0E0F0DA7 /* Pods-kitura-safe-lab-dashboard.debug.xcconfig */,
				358E200A9348EEA3DEC410EC /* Pods-kitura-safe-lab-dashboard.release.xcconfig */,
			);
			path = Pods;
			sourceTree = "<group>";
		};
/* End PBXGroup section */

/* Begin PBXNativeTarget section */
		539AC69822A0377B0055B1E0 /* kitura-safe-lab-dashboard */ = {
			isa = PBXNativeTarget;
			buildConfigurationList = 539AC6A922A0377D0055B1E0 /* Build configuration list for PBXNativeTarget "kitura-safe-lab-dashboard" */;
			buildPhases = (
				C955A3561F3D8C477911E980 /* [CP] Check Pods Manifest.lock */,
				539AC69522A0377B0055B1E0 /* Sources */,
				539AC69622A0377B0055B1E0 /* Frameworks */,
				539AC69722A0377B0055B1E0 /* Resources */,
				F037F20EC4E7C03656B248EF /* [CP] Embed Pods Frameworks */,
			);
			buildRules = (
			);
			dependencies = (
			);
			name = "kitura-safe-lab-dashboard";
			productName = "kitura-safe-lab-dashboard";
			productReference = 539AC69922A0377B0055B1E0 /* kitura-safe-lab-dashboard.app */;
			productType = "com.apple.product-type.application";
		};
/* End PBXNativeTarget section */

/* Begin PBXProject section */
		539AC69122A0377B0055B1E0 /* Project object */ = {
			isa = PBXProject;
			attributes = {
				LastSwiftUpdateCheck = 1020;
				LastUpgradeCheck = 1020;
				ORGANIZATIONNAME = "David Okun";
				TargetAttributes = {
					539AC69822A0377B0055B1E0 = {
						CreatedOnToolsVersion = 10.2.1;
						SystemCapabilities = {
							com.apple.Maps.Mac = {
								enabled = 1;
							};
							com.apple.Sandbox = {
								enabled = 1;
							};
						};
					};
				};
			};
			buildConfigurationList = 539AC69422A0377B0055B1E0 /* Build configuration list for PBXProject "kitura-safe-lab-dashboard" */;
			compatibilityVersion = "Xcode 9.3";
			developmentRegion = en;
			hasScannedForEncodings = 0;
			knownRegions = (
				en,
				Base,
			);
			mainGroup = 539AC69022A0377B0055B1E0;
			productRefGroup = 539AC69A22A0377B0055B1E0 /* Products */;
			projectDirPath = "";
			projectRoot = "";
			targets = (
				539AC69822A0377B0055B1E0 /* kitura-safe-lab-dashboard */,
			);
		};
/* End PBXProject section */

/* Begin PBXResourcesBuildPhase section */
		539AC69722A0377B0055B1E0 /* Resources */ = {
			isa = PBXResourcesBuildPhase;
			buildActionMask = 2147483647;
			files = (
				539AC6A122A0377D0055B1E0 /* Assets.xcassets in Resources */,
				539AC6A422A0377D0055B1E0 /* Main.storyboard in Resources */,
			);
			runOnlyForDeploymentPostprocessing = 0;
		};
/* End PBXResourcesBuildPhase section */

/* Begin PBXShellScriptBuildPhase section */
		C955A3561F3D8C477911E980 /* [CP] Check Pods Manifest.lock */ = {
			isa = PBXShellScriptBuildPhase;
			buildActionMask = 2147483647;
			files = (
			);
			inputFileListPaths = (
			);
			inputPaths = (
				"${PODS_PODFILE_DIR_PATH}/Podfile.lock",
				"${PODS_ROOT}/Manifest.lock",
			);
			name = "[CP] Check Pods Manifest.lock";
			outputFileListPaths = (
			);
			outputPaths = (
				"$(DERIVED_FILE_DIR)/Pods-kitura-safe-lab-dashboard-checkManifestLockResult.txt",
			);
			runOnlyForDeploymentPostprocessing = 0;
			shellPath = /bin/sh;
			shellScript = "diff \"${PODS_PODFILE_DIR_PATH}/Podfile.lock\" \"${PODS_ROOT}/Manifest.lock\" > /dev/null\nif [ $? != 0 ] ; then\n    # print error to STDERR\n    echo \"error: The sandbox is not in sync with the Podfile.lock. Run 'pod install' or update your CocoaPods installation.\" >&2\n    exit 1\nfi\n# This output is used by Xcode 'outputs' to avoid re-running this script phase.\necho \"SUCCESS\" > \"${SCRIPT_OUTPUT_FILE_0}\"\n";
			showEnvVarsInLog = 0;
		};
		F037F20EC4E7C03656B248EF /* [CP] Embed Pods Frameworks */ = {
			isa = PBXShellScriptBuildPhase;
			buildActionMask = 2147483647;
			files = (
			);
			inputFileListPaths = (
			);
			inputPaths = (
				"${PODS_ROOT}/Target Support Files/Pods-kitura-safe-lab-dashboard/Pods-kitura-safe-lab-dashboard-frameworks.sh",
				"${BUILT_PRODUCTS_DIR}/Starscream/Starscream.framework",
			);
			name = "[CP] Embed Pods Frameworks";
			outputFileListPaths = (
			);
			outputPaths = (
				"${TARGET_BUILD_DIR}/${FRAMEWORKS_FOLDER_PATH}/Starscream.framework",
			);
			runOnlyForDeploymentPostprocessing = 0;
			shellPath = /bin/sh;
			shellScript = "\"${PODS_ROOT}/Target Support Files/Pods-kitura-safe-lab-dashboard/Pods-kitura-safe-lab-dashboard-frameworks.sh\"\n";
			showEnvVarsInLog = 0;
		};
/* End PBXShellScriptBuildPhase section */

/* Begin PBXSourcesBuildPhase section */
		539AC69522A0377B0055B1E0 /* Sources */ = {
			isa = PBXSourcesBuildPhase;
			buildActionMask = 2147483647;
			files = (
				539AC69F22A0377B0055B1E0 /* ViewController.swift in Sources */,
				539AC69D22A0377B0055B1E0 /* AppDelegate.swift in Sources */,
				539AC8A122A03D900055B1E0 /* Person.swift in Sources */,
				539AC6AF22A03B4B0055B1E0 /* WebsocketClient.swift in Sources */,
			);
			runOnlyForDeploymentPostprocessing = 0;
		};
/* End PBXSourcesBuildPhase section */

/* Begin PBXVariantGroup section */
		539AC6A222A0377D0055B1E0 /* Main.storyboard */ = {
			isa = PBXVariantGroup;
			children = (
				539AC6A322A0377D0055B1E0 /* Base */,
			);
			name = Main.storyboard;
			sourceTree = "<group>";
		};
/* End PBXVariantGroup section */

/* Begin XCBuildConfiguration section */
		539AC6A722A0377D0055B1E0 /* Debug */ = {
			isa = XCBuildConfiguration;
			buildSettings = {
				ALWAYS_SEARCH_USER_PATHS = NO;
				CLANG_ANALYZER_NONNULL = YES;
				CLANG_ANALYZER_NUMBER_OBJECT_CONVERSION = YES_AGGRESSIVE;
				CLANG_CXX_LANGUAGE_STANDARD = "gnu++14";
				CLANG_CXX_LIBRARY = "libc++";
				CLANG_ENABLE_MODULES = YES;
				CLANG_ENABLE_OBJC_ARC = YES;
				CLANG_ENABLE_OBJC_WEAK = YES;
				CLANG_WARN_BLOCK_CAPTURE_AUTORELEASING = YES;
				CLANG_WARN_BOOL_CONVERSION = YES;
				CLANG_WARN_COMMA = YES;
				CLANG_WARN_CONSTANT_CONVERSION = YES;
				CLANG_WARN_DEPRECATED_OBJC_IMPLEMENTATIONS = YES;
				CLANG_WARN_DIRECT_OBJC_ISA_USAGE = YES_ERROR;
				CLANG_WARN_DOCUMENTATION_COMMENTS = YES;
				CLANG_WARN_EMPTY_BODY = YES;
				CLANG_WARN_ENUM_CONVERSION = YES;
				CLANG_WARN_INFINITE_RECURSION = YES;
				CLANG_WARN_INT_CONVERSION = YES;
				CLANG_WARN_NON_LITERAL_NULL_CONVERSION = YES;
				CLANG_WARN_OBJC_IMPLICIT_RETAIN_SELF = YES;
				CLANG_WARN_OBJC_LITERAL_CONVERSION = YES;
				CLANG_WARN_OBJC_ROOT_CLASS = YES_ERROR;
				CLANG_WARN_RANGE_LOOP_ANALYSIS = YES;
				CLANG_WARN_STRICT_PROTOTYPES = YES;
				CLANG_WARN_SUSPICIOUS_MOVE = YES;
				CLANG_WARN_UNGUARDED_AVAILABILITY = YES_AGGRESSIVE;
				CLANG_WARN_UNREACHABLE_CODE = YES;
				CLANG_WARN__DUPLICATE_METHOD_MATCH = YES;
				CODE_SIGN_IDENTITY = "Mac Developer";
				COPY_PHASE_STRIP = NO;
				DEBUG_INFORMATION_FORMAT = dwarf;
				ENABLE_STRICT_OBJC_MSGSEND = YES;
				ENABLE_TESTABILITY = YES;
				GCC_C_LANGUAGE_STANDARD = gnu11;
				GCC_DYNAMIC_NO_PIC = NO;
				GCC_NO_COMMON_BLOCKS = YES;
				GCC_OPTIMIZATION_LEVEL = 0;
				GCC_PREPROCESSOR_DEFINITIONS = (
					"DEBUG=1",
					"$(inherited)",
				);
				GCC_WARN_64_TO_32_BIT_CONVERSION = YES;
				GCC_WARN_ABOUT_RETURN_TYPE = YES_ERROR;
				GCC_WARN_UNDECLARED_SELECTOR = YES;
				GCC_WARN_UNINITIALIZED_AUTOS = YES_AGGRESSIVE;
				GCC_WARN_UNUSED_FUNCTION = YES;
				GCC_WARN_UNUSED_VARIABLE = YES;
				MACOSX_DEPLOYMENT_TARGET = 10.14;
				MTL_ENABLE_DEBUG_INFO = INCLUDE_SOURCE;
				MTL_FAST_MATH = YES;
				ONLY_ACTIVE_ARCH = YES;
				SDKROOT = macosx;
				SWIFT_ACTIVE_COMPILATION_CONDITIONS = DEBUG;
				SWIFT_OPTIMIZATION_LEVEL = "-Onone";
			};
			name = Debug;
		};
		539AC6A822A0377D0055B1E0 /* Release */ = {
			isa = XCBuildConfiguration;
			buildSettings = {
				ALWAYS_SEARCH_USER_PATHS = NO;
				CLANG_ANALYZER_NONNULL = YES;
				CLANG_ANALYZER_NUMBER_OBJECT_CONVERSION = YES_AGGRESSIVE;
				CLANG_CXX_LANGUAGE_STANDARD = "gnu++14";
				CLANG_CXX_LIBRARY = "libc++";
				CLANG_ENABLE_MODULES = YES;
				CLANG_ENABLE_OBJC_ARC = YES;
				CLANG_ENABLE_OBJC_WEAK = YES;
				CLANG_WARN_BLOCK_CAPTURE_AUTORELEASING = YES;
				CLANG_WARN_BOOL_CONVERSION = YES;
				CLANG_WARN_COMMA = YES;
				CLANG_WARN_CONSTANT_CONVERSION = YES;
				CLANG_WARN_DEPRECATED_OBJC_IMPLEMENTATIONS = YES;
				CLANG_WARN_DIRECT_OBJC_ISA_USAGE = YES_ERROR;
				CLANG_WARN_DOCUMENTATION_COMMENTS = YES;
				CLANG_WARN_EMPTY_BODY = YES;
				CLANG_WARN_ENUM_CONVERSION = YES;
				CLANG_WARN_INFINITE_RECURSION = YES;
				CLANG_WARN_INT_CONVERSION = YES;
				CLANG_WARN_NON_LITERAL_NULL_CONVERSION = YES;
				CLANG_WARN_OBJC_IMPLICIT_RETAIN_SELF = YES;
				CLANG_WARN_OBJC_LITERAL_CONVERSION = YES;
				CLANG_WARN_OBJC_ROOT_CLASS = YES_ERROR;
				CLANG_WARN_RANGE_LOOP_ANALYSIS = YES;
				CLANG_WARN_STRICT_PROTOTYPES = YES;
				CLANG_WARN_SUSPICIOUS_MOVE = YES;
				CLANG_WARN_UNGUARDED_AVAILABILITY = YES_AGGRESSIVE;
				CLANG_WARN_UNREACHABLE_CODE = YES;
				CLANG_WARN__DUPLICATE_METHOD_MATCH = YES;
				CODE_SIGN_IDENTITY = "Mac Developer";
				COPY_PHASE_STRIP = NO;
				DEBUG_INFORMATION_FORMAT = "dwarf-with-dsym";
				ENABLE_NS_ASSERTIONS = NO;
				ENABLE_STRICT_OBJC_MSGSEND = YES;
				GCC_C_LANGUAGE_STANDARD = gnu11;
				GCC_NO_COMMON_BLOCKS = YES;
				GCC_WARN_64_TO_32_BIT_CONVERSION = YES;
				GCC_WARN_ABOUT_RETURN_TYPE = YES_ERROR;
				GCC_WARN_UNDECLARED_SELECTOR = YES;
				GCC_WARN_UNINITIALIZED_AUTOS = YES_AGGRESSIVE;
				GCC_WARN_UNUSED_FUNCTION = YES;
				GCC_WARN_UNUSED_VARIABLE = YES;
				MACOSX_DEPLOYMENT_TARGET = 10.14;
				MTL_ENABLE_DEBUG_INFO = NO;
				MTL_FAST_MATH = YES;
				SDKROOT = macosx;
				SWIFT_COMPILATION_MODE = wholemodule;
				SWIFT_OPTIMIZATION_LEVEL = "-O";
			};
			name = Release;
		};
		539AC6AA22A0377D0055B1E0 /* Debug */ = {
			isa = XCBuildConfiguration;
			baseConfigurationReference = 31163DD410A3910B0E0F0DA7 /* Pods-kitura-safe-lab-dashboard.debug.xcconfig */;
			buildSettings = {
				ASSETCATALOG_COMPILER_APPICON_NAME = AppIcon;
				CODE_SIGN_ENTITLEMENTS = "kitura-safe-lab-dashboard/kitura_safe_lab_dashboard.entitlements";
				CODE_SIGN_STYLE = Automatic;
				COMBINE_HIDPI_IMAGES = YES;
				DEVELOPMENT_TEAM = RQ632LL2X3;
				INFOPLIST_FILE = "kitura-safe-lab-dashboard/Info.plist";
				LD_RUNPATH_SEARCH_PATHS = (
					"$(inherited)",
					"@executable_path/../Frameworks",
				);
				PRODUCT_BUNDLE_IDENTIFIER = "com.okun.io.kitura-safe-lab-dashboard";
				PRODUCT_NAME = "$(TARGET_NAME)";
				SWIFT_VERSION = 5.0;
			};
			name = Debug;
		};
		539AC6AB22A0377D0055B1E0 /* Release */ = {
			isa = XCBuildConfiguration;
			baseConfigurationReference = 358E200A9348EEA3DEC410EC /* Pods-kitura-safe-lab-dashboard.release.xcconfig */;
			buildSettings = {
				ASSETCATALOG_COMPILER_APPICON_NAME = AppIcon;
				CODE_SIGN_ENTITLEMENTS = "kitura-safe-lab-dashboard/kitura_safe_lab_dashboard.entitlements";
				CODE_SIGN_STYLE = Automatic;
				COMBINE_HIDPI_IMAGES = YES;
				DEVELOPMENT_TEAM = RQ632LL2X3;
				INFOPLIST_FILE = "kitura-safe-lab-dashboard/Info.plist";
				LD_RUNPATH_SEARCH_PATHS = (
					"$(inherited)",
					"@executable_path/../Frameworks",
				);
				PRODUCT_BUNDLE_IDENTIFIER = "com.okun.io.kitura-safe-lab-dashboard";
				PRODUCT_NAME = "$(TARGET_NAME)";
				SWIFT_VERSION = 5.0;
			};
			name = Release;
		};
/* End XCBuildConfiguration section */

/* Begin XCConfigurationList section */
		539AC69422A0377B0055B1E0 /* Build configuration list for PBXProject "kitura-safe-lab-dashboard" */ = {
			isa = XCConfigurationList;
			buildConfigurations = (
				539AC6A722A0377D0055B1E0 /* Debug */,
				539AC6A822A0377D0055B1E0 /* Release */,
			);
			defaultConfigurationIsVisible = 0;
			defaultConfigurationName = Release;
		};
		539AC6A922A0377D0055B1E0 /* Build configuration list for PBXNativeTarget "kitura-safe-lab-dashboard" */ = {
			isa = XCConfigurationList;
			buildConfigurations = (
				539AC6AA22A0377D0055B1E0 /* Debug */,
				539AC6AB22A0377D0055B1E0 /* Release */,
			);
			defaultConfigurationIsVisible = 0;
			defaultConfigurationName = Release;
		};
/* End XCConfigurationList section */
	};
	rootObject = 539AC69122A0377B0055B1E0 /* Project object */;
}
